# Generated by sync-adapters.mjs — drift detection input for forge doctor (§15).
adapter: claude
files:
  - dest: .claude/agents/architecture/adr-writer.md
    src: .forge/agents/architecture/adr-writer.md
    sha256: sha256:782dad700c265aae2b3142b8f69f69f9bd1bcff34dc08d285b85b523b935e4ca
  - dest: .claude/agents/architecture/clean-architecture-reviewer.md
    src: .forge/agents/architecture/clean-architecture-reviewer.md
    sha256: sha256:2b24a2ef8ddfa3ce424ee1756c4e3836e002abd85ea6480151d240c286b07521
  - dest: .claude/agents/architecture/ddd-architect.md
    src: .forge/agents/architecture/ddd-architect.md
    sha256: sha256:141c195da81e99dd20ff2eb2bb549f6bf5e6865e50d1cbe0eda286fd9592b3b1
  - dest: .claude/agents/architecture/ddd-validator.md
    src: .forge/agents/architecture/ddd-validator.md
    sha256: sha256:cb10e67637c557ed2031d406a9fa11e11e0591a28039dafa8e5c4de04eee53fd
  - dest: .claude/agents/architecture/module-generator.md
    src: .forge/agents/architecture/module-generator.md
    sha256: sha256:1dccc9ddedb9d16c2e4fefd47fade2438707a92d5741c92e820450224dbdb1e4
  - dest: .claude/agents/architecture/module-validator.md
    src: .forge/agents/architecture/module-validator.md
    sha256: sha256:f8bc4ea969cf55aa31e04e08ce98d2dce5f478c480de79b640f92a4439b9b4c6
  - dest: .claude/agents/code-review/dotnet-reviewer.md
    src: .forge/agents/code-review/dotnet-reviewer.md
    sha256: sha256:cd0f5c59255b5a4419103ff60ebfb3bb5caf6e1980a45c853dade53a2da5221e
  - dest: .claude/agents/coding/deploy-orchestrator.md
    src: .forge/agents/coding/deploy-orchestrator.md
    sha256: sha256:10f2f294633665b9bcac952e79398d0d8c0d1df878dfed107d671d55b04b0179
  - dest: .claude/agents/coding/sprint-orchestrator.md
    src: .forge/agents/coding/sprint-orchestrator.md
    sha256: sha256:3ac504ba82e05225d6e4e3889249b613efe337e36de03b91b457f3fd238a7b45
  - dest: .claude/agents/coding/task-coder.md
    src: .forge/agents/coding/task-coder.md
    sha256: sha256:02d7a7bdb99aec6a47859089cc4c74d5cd92053d524f873fd2b481b3a081f70d
  - dest: .claude/agents/engineering/android-embedded-kotlin-engineer.md
    src: .forge/agents/engineering/android-embedded-kotlin-engineer.md
    sha256: sha256:051f9f2273e98ceb0c873332b665c59f1dc763bf12165fa566d15105038cf4e7
  - dest: .claude/agents/engineering/backend-engineer-dotnet.md
    src: .forge/agents/engineering/backend-engineer-dotnet.md
    sha256: sha256:cecf3ce3fff757d76c8606c707a5e7348f3c97739ba59bd22e23431d19db9375
  - dest: .claude/agents/engineering/frontend-engineer.md
    src: .forge/agents/engineering/frontend-engineer.md
    sha256: sha256:319849c8ffbf05bad7ccf9c29a6df22f5ebcbd7a550a89e15331ffd96d0a2b2e
  - dest: .claude/agents/engineering/fullstack-software-engineer.md
    src: .forge/agents/engineering/fullstack-software-engineer.md
    sha256: sha256:bb36c574bbee57ca73036890dbd8ee9187e694052e8c77f0e5c6155cd2c3569c
  - dest: .claude/agents/README.md
    src: .forge/agents/README.md
    sha256: sha256:92b174b72545d119dc016dc70028e6aaa5e262a3cd87cee7a8c6d8ba3a31f0fe
  - dest: .claude/agents/review/arch-reviewer.md
    src: .forge/agents/review/arch-reviewer.md
    sha256: sha256:67bb916352247b2a16a4f920b61e5c6c710c9868bdc22da49adaef5cdbdabfa9
  - dest: .claude/agents/review/code-evaluator.md
    src: .forge/agents/review/code-evaluator.md
    sha256: sha256:6694815738312ca9a28d4f0bc7432b40a0b74981297c632baaa79e9e317fc29b
  - dest: .claude/agents/review/logic-reviewer.md
    src: .forge/agents/review/logic-reviewer.md
    sha256: sha256:3ddae59785bd8c346f82eae53d2b9f3730e572990e2929a3b3190f7860748741
  - dest: .claude/agents/review/platform-reviewer.md
    src: .forge/agents/review/platform-reviewer.md
    sha256: sha256:a54dc8ea83e5d7b1abf6358e829bb5edb921f5f5daba434f089db435f39f58bf
  - dest: .claude/agents/review/quality-reviewer.md
    src: .forge/agents/review/quality-reviewer.md
    sha256: sha256:5aedb4867442953f8df5180aec55f2b7c0e6ee87e3705214ff53f1e6e81229d8
  - dest: .claude/agents/review/security-reviewer.md
    src: .forge/agents/review/security-reviewer.md
    sha256: sha256:884870931f6538b91994b42078fa27b90a4b28149e85d751893521c09fee35dd
  - dest: .claude/agents/specifications/design-validator.md
    src: .forge/agents/specifications/design-validator.md
    sha256: sha256:dab236846a697ee47996f6879cdc739421700b84e1eeb4f8d1050e0378f2fc8d
  - dest: .claude/agents/specifications/design-writer.md
    src: .forge/agents/specifications/design-writer.md
    sha256: sha256:27d24a7766927c1e575d23cfb0483eb498a64c612e12151625a188c40bd0203b
  - dest: .claude/agents/specifications/discovery-agent.md
    src: .forge/agents/specifications/discovery-agent.md
    sha256: sha256:076e7c7106b8047e14e4f959abd09e9f70d407c45309f60d42c7c726543f971c
  - dest: .claude/agents/specifications/frd-generator.md
    src: .forge/agents/specifications/frd-generator.md
    sha256: sha256:75457c6d2fb232442c41077024eb5d9c7e55a154e3d8a53192800b20650fe141
  - dest: .claude/agents/specifications/frd-nfrd-validator.md
    src: .forge/agents/specifications/frd-nfrd-validator.md
    sha256: sha256:26daed4142dba2d665225c4dbeb169143fa20e0e50a79bc820857e35a6cdd7ce
  - dest: .claude/agents/specifications/nfrd-generator.md
    src: .forge/agents/specifications/nfrd-generator.md
    sha256: sha256:093ee01d382b556c04cca47ac9afad3e4c074a413cba90538ec97f625cba5a6e
  - dest: .claude/agents/specifications/prd-generator.md
    src: .forge/agents/specifications/prd-generator.md
    sha256: sha256:06aa201d31b6a6f6ecd34f6719fb29d6b7846ec228962468a6cce156852e230a
  - dest: .claude/agents/specifications/prd-validator.md
    src: .forge/agents/specifications/prd-validator.md
    sha256: sha256:0231e23e634666cae2fafe8719b5a9b609ecf91ec2200b8ee1eb627e82a36a98
  - dest: .claude/agents/specifications/product-backlog.md
    src: .forge/agents/specifications/product-backlog.md
    sha256: sha256:485b4b7154ad64c453573aa25f63b2d530fad457bc3afd5ef29d52fc896d83b2
  - dest: .claude/agents/specifications/requirements-validator.md
    src: .forge/agents/specifications/requirements-validator.md
    sha256: sha256:80c29a387e04ebc535932c11449a3d5528ced0597248e9f74aa0f1c4355781da
  - dest: .claude/agents/specifications/requirements-writer.md
    src: .forge/agents/specifications/requirements-writer.md
    sha256: sha256:40a1a85dc54c9221feb12da09b4b885d3027054719a5b0c78bbd33a7da941e1b
  - dest: .claude/agents/specifications/tasks-validator.md
    src: .forge/agents/specifications/tasks-validator.md
    sha256: sha256:0af08bd3ee048025b2af6d0ae8330dd3c1621f0bcfeacdf0eb10edc4ea7eef50
  - dest: .claude/agents/specifications/tasks-writer.md
    src: .forge/agents/specifications/tasks-writer.md
    sha256: sha256:30a77fbbe6f038daa7eae755065ff99826bd7c673eda9f101e0b5814d4ce7dba
  - dest: .claude/agents/specifications/trd-generator.md
    src: .forge/agents/specifications/trd-generator.md
    sha256: sha256:1b7561b404f7abd372d15e2cb786bf147e297a432924b511d846f722d3c69b1a
  - dest: .claude/agents/specifications/trd-validator.md
    src: .forge/agents/specifications/trd-validator.md
    sha256: sha256:4b4504bcd354ff57e71022593b2590d68e6202d2b39c3e9b6055352257787d25
  - dest: .claude/commands/coding-loop.md
    src: .forge/commands/coding/coding-loop.md
    sha256: sha256:f5579a549e10acfda855f6fd699460075c2e995796fe3f53f6aa2715a61f7726
  - dest: .claude/commands/coding-status.md
    src: .forge/commands/coding/coding-status.md
    sha256: sha256:6866f83dcf8b3f1c205221d39cd6b317122aee881ba7ecb5dc00c9a384d8d146
  - dest: .claude/commands/deploy-wave.md
    src: .forge/commands/coding/deploy-wave.md
    sha256: sha256:a9c337781858d3f645da8b58add5ea3a91e9e741ed7eec1ecd3faf2cc0e54456
  - dest: .claude/commands/forge/coding-loop.md
    src: .forge/commands/coding/coding-loop.md
    sha256: sha256:19ea2374290d77472e6549a7121bc82bac246142ebea69b2784c720fd823cd25
  - dest: .claude/commands/forge/coding-status.md
    src: .forge/commands/coding/coding-status.md
    sha256: sha256:4cd98350bc12f7183195057bdd678804c8c1a0f7bfdffe9029a018aa7c2d1cff
  - dest: .claude/commands/forge/deploy-wave.md
    src: .forge/commands/coding/deploy-wave.md
    sha256: sha256:f74f14e7a4fc13a947a2c50cd6698d800f5529b570892fb76642d7be1511c7af
  - dest: .claude/commands/forge/dev.md
    src: .forge/commands/coding/dev.md
    sha256: sha256:0f68e1c662e32da04efa35ec6840823ab8768c4a86b081fd3ce52b5fcb364389
  - dest: .claude/commands/forge/doctor.md
    src: .forge/commands/harness/doctor.md
    sha256: sha256:c55580cd425494de30efc40a5a16285cdfae2d66489fb2f996416e9805107bd2
  - dest: .claude/commands/forge/new-adr.md
    src: .forge/commands/docs/new-adr.md
    sha256: sha256:ed1bb88513ea58bb6dc8861c03ca5529c7bb2a1763f28258a7a86831fe1b44eb
  - dest: .claude/commands/forge/prepare-pr.md
    src: .forge/commands/harness/prepare-pr.md
    sha256: sha256:99d8597e007bd7e937bb1ef0fc23107293686b668fc9900ee37b4c89d4b89b73
  - dest: .claude/commands/forge/promote-staging.md
    src: .forge/commands/harness/promote-staging.md
    sha256: sha256:bae47d3616da4feeed6315e441ab0594dded891b8eeb6b203e97aa0d95c759a8
  - dest: .claude/commands/forge/README.md
    src: .forge/commands/README.md
    sha256: sha256:31a6387fc2c42cbec349bdc47ffbd96c11dac6de686646b960df8bbf8f6b042d
  - dest: .claude/commands/forge/run-spec-pipeline.md
    src: .forge/commands/specs/run-spec-pipeline.md
    sha256: sha256:0418596d1b03277a976ca4d21178a40369e3c7fbb2f30850e40340aa4b60e38d
  - dest: .claude/commands/forge/scaffold-tdd.md
    src: .forge/commands/testing/scaffold-tdd.md
    sha256: sha256:e46b4d033e71338eb369e2802da89c8e7453b87f8d1cb5b9e011a970a0add235
  - dest: .claude/commands/forge/specs-loop.md
    src: .forge/commands/specs/specs-loop.md
    sha256: sha256:df1ba6b7ff2e2edc1d9d7383778be1553771b3a05b899fb72b88268994720c66
  - dest: .claude/commands/forge/status.md
    src: .forge/commands/harness/status.md
    sha256: sha256:04cd2652000528afe75a17bae0cdb2993c241f3b4ed49417f6bd80e4d361cdf6
  - dest: .claude/commands/forge/sync-adapters.md
    src: .forge/commands/harness/sync-adapters.md
    sha256: sha256:3b209d583c0aeed71f45023d522d96df6508879fd941417cee3fe68506c6b96b
  - dest: .claude/commands/forge/update-changelog.md
    src: .forge/commands/docs/update-changelog.md
    sha256: sha256:d1e9c732a8013aede53a75723ffe4709a5718939c7d8cf3ca0caa6c8de311b9d
  - dest: .claude/commands/new-adr.md
    src: .forge/commands/docs/new-adr.md
    sha256: sha256:f7d89ce04214354cd34ed7f9729109f238164a2224f5d1fc3482690a8e809799
  - dest: .claude/commands/run-spec-pipeline.md
    src: .forge/commands/specs/run-spec-pipeline.md
    sha256: sha256:5e4c2b997bb3f6a0c724225736849aadfcd76999f65064fa5367066135909f2c
  - dest: .claude/commands/scaffold-tdd.md
    src: .forge/commands/testing/scaffold-tdd.md
    sha256: sha256:f026cf422df188b92c71dcce21de3752552b1bd13321e79570fb4945fd38fb5d
  - dest: .claude/commands/specs-loop.md
    src: .forge/commands/specs/specs-loop.md
    sha256: sha256:52adab4385516718b0c62cb0968bdfc93cc2ab56ee0cab8a7510cb199e38b00c
  - dest: .claude/commands/update-changelog.md
    src: .forge/commands/docs/update-changelog.md
    sha256: sha256:56b884b334300a895c18935e3edf8b105b50f5f26b39d8fd51d06ca7e1329bdf
  - dest: .claude/settings.json
    sha256: sha256:c9d15dd1bce8f1fb33fe6f5205df39c4233f20cde8b1f9ac917e5a8bb4032177
  - dest: .claude/skills/design-system-creator/SKILL.md
    src: .forge/skills/design-system-creator/SKILL.md
    sha256: sha256:947c8e3a0c7072591d636fdaa18725be5a6693032532b987310b4f40b05ae791
  - dest: .claude/skills/using-git-worktrees/SKILL.md
    src: .forge/skills/using-git-worktrees/SKILL.md
    sha256: sha256:9f0a939eb12fd2ca592456d8bc17f5ca38afe3169980c5a3494d7e09df08ca40
  - dest: .claude/skills/verify-build/SKILL.md
    src: .forge/skills/verify-build/SKILL.md
    sha256: sha256:61403eedc9578fa5e65ab0b513cd89321e57f16553317eb1d2fc608b55b01291
  - dest: .claude/skills/verify-diff-claims/SKILL.md
    src: .forge/skills/verify-diff-claims/SKILL.md
    sha256: sha256:2542f6a02c0ff0617aaa9b1cb2059be13897d6ebd1d76fad6a9d41984c625e34
  - dest: CLAUDE.md
    src: AGENTS.md
    sha256: symlink
