# Generated by sync-adapters.mjs — drift detection input for forge doctor (§15).
adapter: qwen
files:
  - dest: .agents/commands/forge/adr.md
    src: .forge/commands/docs/adr.md
    sha256: sha256:76859b0e79875f90ed47d9015bc64b1e23615b22b9cc76d425f838b7494cfb4a
  - dest: .agents/commands/forge/analyze.md
    src: .forge/commands/specs/analyze.md
    sha256: sha256:a0087466e832a43cbca496010177430f7952ad3249b0804445321b82110a0447
  - dest: .agents/commands/forge/archive.md
    src: .forge/commands/specs/archive.md
    sha256: sha256:b779eab78108356df92e65dd9b11b8c7f8174a73c9e8fd39d9f3cda667e27ef7
  - dest: .agents/commands/forge/backlog.md
    src: .forge/commands/docs/backlog.md
    sha256: sha256:4b4775f9224a050d3984945abdad367a3cd8b0276eaee93faccd2ec9c5de546a
  - dest: .agents/commands/forge/baseline-extract.md
    src: .forge/commands/graph/baseline-extract.md
    sha256: sha256:0742a04717bdf68bfb30a353a3a1cd0816733337b0d7a2180816761b3b0084b2
  - dest: .agents/commands/forge/build.md
    src: .forge/commands/graph/build.md
    sha256: sha256:a437c878a19277f48ba682f10229072429b326c5968a4976c150e48cd56b6edf
  - dest: .agents/commands/forge/c4.md
    src: .forge/commands/graph/c4.md
    sha256: sha256:4db5cf2d9d85f2311967845b27817f091d347b64c591d608e38653b284eff0e9
  - dest: .agents/commands/forge/clarify.md
    src: .forge/commands/specs/clarify.md
    sha256: sha256:8c0f2c68c50e74afef9d8215a4374de828335f983f26243d10a3b5d29a67d404
  - dest: .agents/commands/forge/close.md
    src: .forge/commands/specs/close.md
    sha256: sha256:8d5ec6b16dd212e2f11e4d0d81664b39088baf684017969a3c588f4d78f8046b
  - dest: .agents/commands/forge/coding-loop.md
    src: .forge/commands/coding/coding-loop.md
    sha256: sha256:19ea2374290d77472e6549a7121bc82bac246142ebea69b2784c720fd823cd25
  - dest: .agents/commands/forge/coding-status.md
    src: .forge/commands/coding/coding-status.md
    sha256: sha256:4cd98350bc12f7183195057bdd678804c8c1a0f7bfdffe9029a018aa7c2d1cff
  - dest: .agents/commands/forge/constitution.md
    src: .forge/commands/docs/constitution.md
    sha256: sha256:e7fe2314bbbd343c6a37f0c69e094a558d55289d3b18367be1d69533a56992b5
  - dest: .agents/commands/forge/defer.md
    src: .forge/commands/waves/defer.md
    sha256: sha256:6035ef1de133769b4714703bed0baa4409245ee8c47f990ec2b6bc3f4379aa4c
  - dest: .agents/commands/forge/deploy-wave.md
    src: .forge/commands/coding/deploy-wave.md
    sha256: sha256:f74f14e7a4fc13a947a2c50cd6698d800f5529b570892fb76642d7be1511c7af
  - dest: .agents/commands/forge/design.md
    src: .forge/commands/specs/design.md
    sha256: sha256:fa6e66f01554f2360109cfa756d52fcdd28fc312e8d8e7faac684f58fbf72530
  - dest: .agents/commands/forge/dev.md
    src: .forge/commands/waves/dev.md
    sha256: sha256:bae530d51fe66bc25494657ea1bf93c95012d7b3d3be65c14db5dfb93562f6ff
  - dest: .agents/commands/forge/discover.md
    src: .forge/commands/graph/discover.md
    sha256: sha256:3463c8fccbcb31f1aba9bc910ecb01b7125d77b8b7ca1cc5c14c83cd31a29e34
  - dest: .agents/commands/forge/doctor.md
    src: .forge/commands/harness/doctor.md
    sha256: sha256:c55580cd425494de30efc40a5a16285cdfae2d66489fb2f996416e9805107bd2
  - dest: .agents/commands/forge/eval.md
    src: .forge/commands/quality/eval.md
    sha256: sha256:02b4f64205b305fc4c9b03026d76e5dd1671da6aa422a71e058f07f5c3e302fd
  - dest: .agents/commands/forge/impact.md
    src: .forge/commands/graph/impact.md
    sha256: sha256:3119a78a8528c125922404d38d6080aa578c013cf984342038a90fe82eb5eff2
  - dest: .agents/commands/forge/implement.md
    src: .forge/commands/specs/implement.md
    sha256: sha256:2993e0b3aa9594d52160a8d295618a7013ea844e071fa16e77c270b1b3d6f519
  - dest: .agents/commands/forge/new-adr.md
    src: .forge/commands/docs/new-adr.md
    sha256: sha256:106c57e36dfb1514c3c40235ff6a629c4fc79c5373cffc198b8d642863d3ba0e
  - dest: .agents/commands/forge/onboard.md
    src: .forge/commands/graph/onboard.md
    sha256: sha256:9bfa96ddd02fe623166c05456af5cc4bde3bc3297650e050485f58252e1f322d
  - dest: .agents/commands/forge/prepare-pr.md
    src: .forge/commands/harness/prepare-pr.md
    sha256: sha256:99d8597e007bd7e937bb1ef0fc23107293686b668fc9900ee37b4c89d4b89b73
  - dest: .agents/commands/forge/progress.md
    src: .forge/commands/waves/progress.md
    sha256: sha256:4f79cb8ea245232da26d568f8e11b7b792389fc8da28cb863cc09bf8b0acd800
  - dest: .agents/commands/forge/promote-staging.md
    src: .forge/commands/harness/promote-staging.md
    sha256: sha256:bae47d3616da4feeed6315e441ab0594dded891b8eeb6b203e97aa0d95c759a8
  - dest: .agents/commands/forge/publish-docs.md
    src: .forge/commands/docs/publish-docs.md
    sha256: sha256:6a7867c923e429d576c8bc2c157b2cce850012670943bd3052490c0202e337cf
  - dest: .agents/commands/forge/query.md
    src: .forge/commands/graph/query.md
    sha256: sha256:797226d37131f2f776eb8a3e6a77ea1a024146279684e5a42a1711ce91250d46
  - dest: .agents/commands/forge/requirements.md
    src: .forge/commands/specs/requirements.md
    sha256: sha256:341e721e3739a8c8365ef304f30c079376c943f5b1b1d21590f3aba45300f937
  - dest: .agents/commands/forge/resolve-deferrals.md
    src: .forge/commands/waves/resolve-deferrals.md
    sha256: sha256:98b1d72f7d0289c50f0da8ca5f0a9d9309e8b869152516175d809f7074430091
  - dest: .agents/commands/forge/run-spec-pipeline.md
    src: .forge/commands/specs/run-spec-pipeline.md
    sha256: sha256:fb148417c305b386a28ecfb5bc644e69d8de6487604514f3d4b42cbd47825d8f
  - dest: .agents/commands/forge/scaffold-tdd.md
    src: .forge/commands/testing/scaffold-tdd.md
    sha256: sha256:56197b92b30a147b13c28a9a7309c32c141825c4bae11858048a45f1ed92026e
  - dest: .agents/commands/forge/shard.md
    src: .forge/commands/specs/shard.md
    sha256: sha256:ada6280fc39f40799c099e061635b185cbe4542c22beb373a9698802285df2b4
  - dest: .agents/commands/forge/skill.md
    src: .forge/commands/skills/skill.md
    sha256: sha256:d597b097fb5a242092971f262a94f564feb3236902c66fd617abb00dc1c46fe4
  - dest: .agents/commands/forge/spec.md
    src: .forge/commands/specs/spec.md
    sha256: sha256:6d6ea0ff538333502066131580b0fd3b925d6d8b9f678e7df9585dfab59a1c21
  - dest: .agents/commands/forge/specs-loop.md
    src: .forge/commands/specs/specs-loop.md
    sha256: sha256:4bf286cdbd38ef997bf10be36a1b77659ce78a7da905e23ec75d1b99694dc836
  - dest: .agents/commands/forge/status.md
    src: .forge/commands/harness/status.md
    sha256: sha256:04cd2652000528afe75a17bae0cdb2993c241f3b4ed49417f6bd80e4d361cdf6
  - dest: .agents/commands/forge/sync-adapters.md
    src: .forge/commands/harness/sync-adapters.md
    sha256: sha256:3b209d583c0aeed71f45023d522d96df6508879fd941417cee3fe68506c6b96b
  - dest: .agents/commands/forge/tasks.md
    src: .forge/commands/specs/tasks.md
    sha256: sha256:f8ac655c0dc4fc16abe1ddbfc3e626330cab987a3ca9b9d792edb4d741565f00
  - dest: .agents/commands/forge/update-changelog.md
    src: .forge/commands/docs/update-changelog.md
    sha256: sha256:2438140252a45ff137a8309d5cf86085ade1f60010fa814cd45de7ff25b827d1
  - dest: .agents/commands/forge/update.md
    src: .forge/commands/graph/update.md
    sha256: sha256:f9fd75ae3a4f78f060c78943cd3d3818dd2a6eebe4f4e2ea17ac6a07964f1b58
  - dest: .agents/commands/forge/verify.md
    src: .forge/commands/specs/verify.md
    sha256: sha256:1462c0b0fa8c7201148633dc4b19553b497639071316f9986b7ad69c5421d8be
  - dest: .agents/commands/forge/wave.md
    src: .forge/commands/waves/wave.md
    sha256: sha256:a7f0e88e7c8bee3206dcdadecae16d568307e3b02fd4a42a265c3d3dc110cc09
  - dest: QWEN.md
    src: AGENTS.md
    sha256: symlink
